// !$*UTF8*$!
{
	archiveVersion = 1;
	classes = {
	};
	objectVersion = 46;
	objects = {

/* Begin PBXBuildFile section */
		41F1E6111CEA706500840C7E /* AppDelegate.swift in Sources */ = {isa = PBXBuildFile; fileRef = 41F1E6101CEA706500840C7E /* AppDelegate.swift */; };
		41F1E6131CEA706500840C7E /* ViewController.swift in Sources */ = {isa = PBXBuildFile; fileRef = 41F1E6121CEA706500840C7E /* ViewController.swift */; };
		41F1E6161CEA706500840C7E /* Main.storyboard in Resources */ = {isa = PBXBuildFile; fileRef = 41F1E6141CEA706500840C7E /* Main.storyboard */; };
		41F1E6191CEA706500840C7E /* FoodListProject.xcdatamodeld in Sources */ = {isa = PBXBuildFile; fileRef = 41F1E6171CEA706500840C7E /* FoodListProject.xcdatamodeld */; };
		41F1E61B1CEA706500840C7E /* Assets.xcassets in Resources */ = {isa = PBXBuildFile; fileRef = 41F1E61A1CEA706500840C7E /* Assets.xcassets */; };
		41F1E61E1CEA706500840C7E /* LaunchScreen.storyboard in Resources */ = {isa = PBXBuildFile; fileRef = 41F1E61C1CEA706500840C7E /* LaunchScreen.storyboard */; };
/* End PBXBuildFile section */

/* Begin PBXFileReference section */
		41F1E60D1CEA706500840C7E /* FoodListProject.app */ = {isa = PBXFileReference; explicitFileType = wrapper.application; includeInIndex = 0; path = FoodListProject.app; sourceTree = BUILT_PRODUCTS_DIR; };
		41F1E6101CEA706500840C7E /* AppDelegate.swift */ = {isa = PBXFileReference; lastKnownFileType = sourcecode.swift; path = AppDelegate.swift; sourceTree = "<group>"; };
		41F1E6121CEA706500840C7E /* ViewController.swift */ = {isa = PBXFileReference; lastKnownFileType = sourcecode.swift; path = ViewController.swift; sourceTree = "<group>"; };
		41F1E6151CEA706500840C7E /* Base */ = {isa = PBXFileReference; lastKnownFileType = file.storyboard; name = Base; path = Base.lproj/Main.storyboard; sourceTree = "<group>"; };
		41F1E6181CEA706500840C7E /* FoodListProject.xcdatamodel */ = {isa = PBXFileReference; lastKnownFileType = wrapper.xcdatamodel; path = FoodListProject.xcdatamodel; sourceTree = "<group>"; };
		41F1E61A1CEA706500840C7E /* Assets.xcassets */ = {isa = PBXFileReference; lastKnownFileType = folder.assetcatalog; path = Assets.xcassets; sourceTree = "<group>"; };
		41F1E61D1CEA706500840C7E /* Base */ = {isa = PBXFileReference; lastKnownFileType = file.storyboard; name = Base; path = Base.lproj/LaunchScreen.storyboard; sourceTree = "<group>"; };
		41F1E61F1CEA706500840C7E /* Info.plist */ = {isa = PBXFileReference; lastKnownFileType = text.plist.xml; path = Info.plist; sourceTree = "<group>"; };
/* End PBXFileReference section */

/* Begin PBXFrameworksBuildPhase section */
		41F1E60A1CEA706500840C7E /* Frameworks */ = {
			isa = PBXFrameworksBuildPhase;
			buildActionMask = 2147483647;
			files = (
			);
			runOnlyForDeploymentPostprocessing = 0;
		};
/* End PBXFrameworksBuildPhase section */

/* Begin PBXGroup section */
		41F1E6041CEA706500840C7E = {
			isa = PBXGroup;
			children = (
				41F1E60F1CEA706500840C7E /* FoodListProject */,
				41F1E60E1CEA706500840C7E /* Products */,
			);
			sourceTree = "<group>";
		};
		41F1E60E1CEA706500840C7E /* Products */ = {
			isa = PBXGroup;
			children = (
				41F1E60D1CEA706500840C7E /* FoodListProject.app */,
			);
			name = Products;
			sourceTree = "<group>";
		};
		41F1E60F1CEA706500840C7E /* FoodListProject */ = {
			isa = PBXGroup;
			children = (
				41F1E6101CEA706500840C7E /* AppDelegate.swift */,
				41F1E6121CEA706500840C7E /* ViewController.swift */,
				41F1E6141CEA706500840C7E /* Main.storyboard */,
				41F1E61A1CEA706500840C7E /* Assets.xcassets */,
				41F1E61C1CEA706500840C7E /* LaunchScreen.storyboard */,
				41F1E61F1CEA706500840C7E /* Info.plist */,
				41F1E6171CEA706500840C7E /* FoodListProject.xcdatamodeld */,
			);
			path = FoodListProject;
			sourceTree = "<group>";
		};
/* End PBXGroup section */

/* Begin PBXNativeTarget section */
		41F1E60C1CEA706500840C7E /* FoodListProject */ = {
			isa = PBXNativeTarget;
			buildConfigurationList = 41F1E6221CEA706500840C7E /* Build configuration list for PBXNativeTarget "FoodListProject" */;
			buildPhases = (
				41F1E6091CEA706500840C7E /* Sources */,
				41F1E60A1CEA706500840C7E /* Frameworks */,
				41F1E60B1CEA706500840C7E /* Resources */,
			);
			buildRules = (
			);
			dependencies = (
			);
			name = FoodListProject;
			productName = FoodListProject;
			productReference = 41F1E60D1CEA706500840C7E /* FoodListProject.app */;
			productType = "com.apple.product-type.application";
		};
/* End PBXNativeTarget section */

/* Begin PBXProject section */
		41F1E6051CEA706500840C7E /* Project object */ = {
			isa = PBXProject;
			attributes = {
				LastSwiftUpdateCheck = 0730;
				LastUpgradeCheck = 0730;
				ORGANIZATIONNAME = "Vu Dinh";
				TargetAttributes = {
					41F1E60C1CEA706500840C7E = {
						CreatedOnToolsVersion = 7.3;
					};
				};
			};
			buildConfigurationList = 41F1E6081CEA706500840C7E /* Build configuration list for PBXProject "FoodListProject" */;
			compatibilityVersion = "Xcode 3.2";
			developmentRegion = English;
			hasScannedForEncodings = 0;
			knownRegions = (
				en,
				Base,
			);
			mainGroup = 41F1E6041CEA706500840C7E;
			productRefGroup = 41F1E60E1CEA706500840C7E /* Products */;
			projectDirPath = "";
			projectRoot = "";
			targets = (
				41F1E60C1CEA706500840C7E /* FoodListProject */,
			);
		};
/* End PBXProject section */

/* Begin PBXResourcesBuildPhase section */
		41F1E60B1CEA706500840C7E /* Resources */ = {
			isa = PBXResourcesBuildPhase;
			buildActionMask = 2147483647;
			files = (
				41F1E61E1CEA706500840C7E /* LaunchScreen.storyboard in Resources */,
				41F1E61B1CEA706500840C7E /* Assets.xcassets in Resources */,
				41F1E6161CEA706500840C7E /* Main.storyboard in Resources */,
			);
			runOnlyForDeploymentPostprocessing = 0;
		};
/* End PBXResourcesBuildPhase section */

/* Begin PBXSourcesBuildPhase section */
		41F1E6091CEA706500840C7E /* Sources */ = {
			isa = PBXSourcesBuildPhase;
			buildActionMask = 2147483647;
			files = (
				41F1E6131CEA706500840C7E /* ViewController.swift in Sources */,
				41F1E6111CEA706500840C7E /* AppDelegate.swift in Sources */,
				41F1E6191CEA706500840C7E /* FoodListProject.xcdatamodeld in Sources */,
			);
			runOnlyForDeploymentPostprocessing = 0;
		};
/* End PBXSourcesBuildPhase section */

/* Begin PBXVariantGroup section */
		41F1E6141CEA706500840C7E /* Main.storyboard */ = {
			isa = PBXVariantGroup;
			children = (
				41F1E6151CEA706500840C7E /* Base */,
			);
			name = Main.storyboard;
			sourceTree = "<group>";
		};
		41F1E61C1CEA706500840C7E /* LaunchScreen.storyboard */ = {
			isa = PBXVariantGroup;
			children = (
				41F1E61D1CEA706500840C7E /* Base */,
			);
			name = LaunchScreen.storyboard;
			sourceTree = "<group>";
		};
/* End PBXVariantGroup section */

/* Begin XCBuildConfiguration section */
		41F1E6201CEA706500840C7E /* Debug */ = {
			isa = XCBuildConfiguration;
			buildSettings = {
				ALWAYS_SEARCH_USER_PATHS = NO;
				CLANG_ANALYZER_NONNULL = YES;
				CLANG_CXX_LANGUAGE_STANDARD = "gnu++0x";
				CLANG_CXX_LIBRARY = "libc++";
				CLANG_ENABLE_MODULES = YES;
				CLANG_ENABLE_OBJC_ARC = YES;
				CLANG_WARN_BOOL_CONVERSION = YES;
				CLANG_WARN_CONSTANT_CONVERSION = YES;
				CLANG_WARN_DIRECT_OBJC_ISA_USAGE = YES_ERROR;
				CLANG_WARN_EMPTY_BODY = YES;
				CLANG_WARN_ENUM_CONVERSION = YES;
				CLANG_WARN_INT_CONVERSION = YES;
				CLANG_WARN_OBJC_ROOT_CLASS = YES_ERROR;
				CLANG_WARN_UNREACHABLE_CODE = YES;
				CLANG_WARN__DUPLICATE_METHOD_MATCH = YES;
				"CODE_SIGN_IDENTITY[sdk=iphoneos*]" = "iPhone Developer";
				COPY_PHASE_STRIP = NO;
				DEBUG_INFORMATION_FORMAT = dwarf;
				ENABLE_STRICT_OBJC_MSGSEND = YES;
				ENABLE_TESTABILITY = YES;
				GCC_C_LANGUAGE_STANDARD = gnu99;
				GCC_DYNAMIC_NO_PIC = NO;
				GCC_NO_COMMON_BLOCKS = YES;
				GCC_OPTIMIZATION_LEVEL = 0;
				GCC_PREPROCESSOR_DEFINITIONS = (
					"DEBUG=1",
					"$(inherited)",
				);
				GCC_WARN_64_TO_32_BIT_CONVERSION = YES;
				GCC_WARN_ABOUT_RETURN_TYPE = YES_ERROR;
				GCC_WARN_UNDECLARED_SELECTOR = YES;
				GCC_WARN_UNINITIALIZED_AUTOS = YES_AGGRESSIVE;
				GCC_WARN_UNUSED_FUNCTION = YES;
				GCC_WARN_UNUSED_VARIABLE = YES;
				IPHONEOS_DEPLOYMENT_TARGET = 9.3;
				MTL_ENABLE_DEBUG_INFO = YES;
				ONLY_ACTIVE_ARCH = YES;
				SDKROOT = iphoneos;
				SWIFT_OPTIMIZATION_LEVEL = "-Onone";
				TARGETED_DEVICE_FAMILY = "1,2";
			};
			name = Debug;
		};
		41F1E6211CEA706500840C7E /* Release */ = {
			isa = XCBuildConfiguration;
			buildSettings = {
				ALWAYS_SEARCH_USER_PATHS = NO;
				CLANG_ANALYZER_NONNULL = YES;
				CLANG_CXX_LANGUAGE_STANDARD = "gnu++0x";
				CLANG_CXX_LIBRARY = "libc++";
				CLANG_ENABLE_MODULES = YES;
				CLANG_ENABLE_OBJC_ARC = YES;
				CLANG_WARN_BOOL_CONVERSION = YES;
				CLANG_WARN_CONSTANT_CONVERSION = YES;
				CLANG_WARN_DIRECT_OBJC_ISA_USAGE = YES_ERROR;
				CLANG_WARN_EMPTY_BODY = YES;
				CLANG_WARN_ENUM_CONVERSION = YES;
				CLANG_WARN_INT_CONVERSION = YES;
				CLANG_WARN_OBJC_ROOT_CLASS = YES_ERROR;
				CLANG_WARN_UNREACHABLE_CODE = YES;
				CLANG_WARN__DUPLICATE_METHOD_MATCH = YES;
				"CODE_SIGN_IDENTITY[sdk=iphoneos*]" = "iPhone Developer";
				COPY_PHASE_STRIP = NO;
				DEBUG_INFORMATION_FORMAT = "dwarf-with-dsym";
				ENABLE_NS_ASSERTIONS = NO;
				ENABLE_STRICT_OBJC_MSGSEND = YES;
				GCC_C_LANGUAGE_STANDARD = gnu99;
				GCC_NO_COMMON_BLOCKS = YES;
				GCC_WARN_64_TO_32_BIT_CONVERSION = YES;
				GCC_WARN_ABOUT_RETURN_TYPE = YES_ERROR;
				GCC_WARN_UNDECLARED_SELECTOR = YES;
				GCC_WARN_UNINITIALIZED_AUTOS = YES_AGGRESSIVE;
				GCC_WARN_UNUSED_FUNCTION = YES;
				GCC_WARN_UNUSED_VARIABLE = YES;
				IPHONEOS_DEPLOYMENT_TARGET = 9.3;
				MTL_ENABLE_DEBUG_INFO = NO;
				SDKROOT = iphoneos;
				TARGETED_DEVICE_FAMILY = "1,2";
				VALIDATE_PRODUCT = YES;
			};
			name = Release;
		};
		41F1E6231CEA706500840C7E /* Debug */ = {
			isa = XCBuildConfiguration;
			buildSettings = {
				ASSETCATALOG_COMPILER_APPICON_NAME = AppIcon;
				INFOPLIST_FILE = FoodListProject/Info.plist;
				LD_RUNPATH_SEARCH_PATHS = "$(inherited) @executable_path/Frameworks";
				PRODUCT_BUNDLE_IDENTIFIER = VuDinh.FoodListProject;
				PRODUCT_NAME = "$(TARGET_NAME)";
			};
			name = Debug;
		};
		41F1E6241CEA706500840C7E /* Release */ = {
			isa = XCBuildConfiguration;
			buildSettings = {
				ASSETCATALOG_COMPILER_APPICON_NAME = AppIcon;
				INFOPLIST_FILE = FoodListProject/Info.plist;
				LD_RUNPATH_SEARCH_PATHS = "$(inherited) @executable_path/Frameworks";
				PRODUCT_BUNDLE_IDENTIFIER = VuDinh.FoodListProject;
				PRODUCT_NAME = "$(TARGET_NAME)";
			};
			name = Release;
		};
/* End XCBuildConfiguration section */

/* Begin XCConfigurationList section */
		41F1E6081CEA706500840C7E /* Build configuration list for PBXProject "FoodListProject" */ = {
			isa = XCConfigurationList;
			buildConfigurations = (
				41F1E6201CEA706500840C7E /* Debug */,
				41F1E6211CEA706500840C7E /* Release */,
			);
			defaultConfigurationIsVisible = 0;
			defaultConfigurationName = Release;
		};
		41F1E6221CEA706500840C7E /* Build configuration list for PBXNativeTarget "FoodListProject" */ = {
			isa = XCConfigurationList;
			buildConfigurations = (
				41F1E6231CEA706500840C7E /* Debug */,
				41F1E6241CEA706500840C7E /* Release */,
			);
			defaultConfigurationIsVisible = 0;
		};
/* End XCConfigurationList section */

/* Begin XCVersionGroup section */
		41F1E6171CEA706500840C7E /* FoodListProject.xcdatamodeld */ = {
			isa = XCVersionGroup;
			children = (
				41F1E6181CEA706500840C7E /* FoodListProject.xcdatamodel */,
			);
			currentVersion = 41F1E6181CEA706500840C7E /* FoodListProject.xcdatamodel */;
			path = FoodListProject.xcdatamodeld;
			sourceTree = "<group>";
			versionGroupType = wrapper.xcdatamodel;
		};
/* End XCVersionGroup section */
	};
	rootObject = 41F1E6051CEA706500840C7E /* Project object */;
}
